
Microsoft Visual Studio Solution File, Format Version 12.00
# Visual Studio Version 17
VisualStudioVersion = 17.7.34221.43
MinimumVisualStudioVersion = 10.0.40219.1
Project("{FAE04EC0-301F-11D3-BF4B-00C04F79EFBC}") = "Assignment 23", "Assignment 23\Assignment 23.csproj", "{97614952-CACB-4C9B-AC91-EC5EDD8974C9}"
EndProject
Global
	GlobalSection(SolutionConfigurationPlatforms) = preSolution
		Debug|Any CPU = Debug|Any CPU
		Release|Any CPU = Release|Any CPU
	EndGlobalSection
	GlobalSection(ProjectConfigurationPlatforms) = postSolution
		{97614952-CACB-4C9B-AC91-EC5EDD8974C9}.Debug|Any CPU.ActiveCfg = Debug|Any CPU
		{97614952-CACB-4C9B-AC91-EC5EDD8974C9}.Debug|Any CPU.Build.0 = Debug|Any CPU
		{97614952-CACB-4C9B-AC91-EC5EDD8974C9}.Release|Any CPU.ActiveCfg = Release|Any CPU
		{97614952-CACB-4C9B-AC91-EC5EDD8974C9}.Release|Any CPU.Build.0 = Release|Any CPU
	EndGlobalSection
	GlobalSection(SolutionProperties) = preSolution
		HideSolutionNode = FALSE
	EndGlobalSection
	GlobalSection(ExtensibilityGlobals) = postSolution
		SolutionGuid = {E16084E6-E8CF-4D3D-9E32-5E2E87874EA3}
	EndGlobalSection
EndGlobal
